// !$*UTF8*$!
{
	archiveVersion = 1;
	classes = {
	};
	objectVersion = 55;
	objects = {

/* Begin PBXBuildFile section */
		5574DF1AA1418EA94001E2A3 /* Pods_Flix.framework in Frameworks */ = {isa = PBXBuildFile; fileRef = 9E853B9AB3AFD2A216551444 /* Pods_Flix.framework */; };
		7CA32DEC2E733B514CFF94D1 /* Pods_Flix_FlixUITests.framework in Frameworks */ = {isa = PBXBuildFile; fileRef = 55CA79C0FACBB4234E2D0A0A /* Pods_Flix_FlixUITests.framework */; };
		AC0C151827B3434000122DED /* MoviesDetailsViewController.swift in Sources */ = {isa = PBXBuildFile; fileRef = AC0C151727B3434000122DED /* MoviesDetailsViewController.swift */; };
		AC0C151A27B452A800122DED /* MovieGridViewController.swift in Sources */ = {isa = PBXBuildFile; fileRef = AC0C151927B452A800122DED /* MovieGridViewController.swift */; };
		AC0C151C27B46BA300122DED /* MovieGridCell.swift in Sources */ = {isa = PBXBuildFile; fileRef = AC0C151B27B46BA300122DED /* MovieGridCell.swift */; };
		AC627BED27AAFE930038072A /* AppDelegate.swift in Sources */ = {isa = PBXBuildFile; fileRef = AC627BEC27AAFE930038072A /* AppDelegate.swift */; };
		AC627BEF27AAFE930038072A /* SceneDelegate.swift in Sources */ = {isa = PBXBuildFile; fileRef = AC627BEE27AAFE930038072A /* SceneDelegate.swift */; };
		AC627BF127AAFE930038072A /* ViewController.swift in Sources */ = {isa = PBXBuildFile; fileRef = AC627BF027AAFE930038072A /* ViewController.swift */; };
		AC627BF427AAFE930038072A /* Main.storyboard in Resources */ = {isa = PBXBuildFile; fileRef = AC627BF227AAFE930038072A /* Main.storyboard */; };
		AC627BF627AAFE940038072A /* Assets.xcassets in Resources */ = {isa = PBXBuildFile; fileRef = AC627BF527AAFE940038072A /* Assets.xcassets */; };
		AC627BF927AAFE940038072A /* LaunchScreen.storyboard in Resources */ = {isa = PBXBuildFile; fileRef = AC627BF727AAFE940038072A /* LaunchScreen.storyboard */; };
		AC627C0427AAFE940038072A /* FlixTests.swift in Sources */ = {isa = PBXBuildFile; fileRef = AC627C0327AAFE940038072A /* FlixTests.swift */; };
		AC627C0E27AAFE940038072A /* FlixUITests.swift in Sources */ = {isa = PBXBuildFile; fileRef = AC627C0D27AAFE940038072A /* FlixUITests.swift */; };
		AC627C1027AAFE940038072A /* FlixUITestsLaunchTests.swift in Sources */ = {isa = PBXBuildFile; fileRef = AC627C0F27AAFE940038072A /* FlixUITestsLaunchTests.swift */; };
		AC627C2527AB8E9D0038072A /* MoviesViewController.swift in Sources */ = {isa = PBXBuildFile; fileRef = AC627C2427AB8E9D0038072A /* MoviesViewController.swift */; };
		ACBAEDE027AC9B2300A390AC /* MovieCell.swift in Sources */ = {isa = PBXBuildFile; fileRef = ACBAEDDF27AC9B2300A390AC /* MovieCell.swift */; };
		ACBAEDE327ACAF3100A390AC /* AlamofireImage in Frameworks */ = {isa = PBXBuildFile; productRef = ACBAEDE227ACAF3100A390AC /* AlamofireImage */; };
		AD5E46846818B12AA46E2937 /* Pods_FlixTests.framework in Frameworks */ = {isa = PBXBuildFile; fileRef = 0ABFCA67EFBB40F6E280FE0E /* Pods_FlixTests.framework */; };
/* End PBXBuildFile section */

/* Begin PBXContainerItemProxy section */
		AC627C0027AAFE940038072A /* PBXContainerItemProxy */ = {
			isa = PBXContainerItemProxy;
			containerPortal = AC627BE127AAFE930038072A /* Project object */;
			proxyType = 1;
			remoteGlobalIDString = AC627BE827AAFE930038072A;
			remoteInfo = Flix;
		};
		AC627C0A27AAFE940038072A /* PBXContainerItemProxy */ = {
			isa = PBXContainerItemProxy;
			containerPortal = AC627BE127AAFE930038072A /* Project object */;
			proxyType = 1;
			remoteGlobalIDString = AC627BE827AAFE930038072A;
			remoteInfo = Flix;
		};
/* End PBXContainerItemProxy section */

/* Begin PBXFileReference section */
		0AA8B51A41FA7B5133BB5B4C /* Pods-FlixTests.release.xcconfig */ = {isa = PBXFileReference; includeInIndex = 1; lastKnownFileType = text.xcconfig; name = "Pods-FlixTests.release.xcconfig"; path = "Target Support Files/Pods-FlixTests/Pods-FlixTests.release.xcconfig"; sourceTree = "<group>"; };
		0ABFCA67EFBB40F6E280FE0E /* Pods_FlixTests.framework */ = {isa = PBXFileReference; explicitFileType = wrapper.framework; includeInIndex = 0; path = Pods_FlixTests.framework; sourceTree = BUILT_PRODUCTS_DIR; };
		1F0A9032198BB5C06B2FDAD4 /* Pods-FlixTests.debug.xcconfig */ = {isa = PBXFileReference; includeInIndex = 1; lastKnownFileType = text.xcconfig; name = "Pods-FlixTests.debug.xcconfig"; path = "Target Support Files/Pods-FlixTests/Pods-FlixTests.debug.xcconfig"; sourceTree = "<group>"; };
		392B86BFCC50C4311AE2DD49 /* Pods-Flix.debug.xcconfig */ = {isa = PBXFileReference; includeInIndex = 1; lastKnownFileType = text.xcconfig; name = "Pods-Flix.debug.xcconfig"; path = "Target Support Files/Pods-Flix/Pods-Flix.debug.xcconfig"; sourceTree = "<group>"; };
		55CA79C0FACBB4234E2D0A0A /* Pods_Flix_FlixUITests.framework */ = {isa = PBXFileReference; explicitFileType = wrapper.framework; includeInIndex = 0; path = Pods_Flix_FlixUITests.framework; sourceTree = BUILT_PRODUCTS_DIR; };
		70D6EFE77B5965D9FE624745 /* Pods-Flix.release.xcconfig */ = {isa = PBXFileReference; includeInIndex = 1; lastKnownFileType = text.xcconfig; name = "Pods-Flix.release.xcconfig"; path = "Target Support Files/Pods-Flix/Pods-Flix.release.xcconfig"; sourceTree = "<group>"; };
		8B7B0231B9514FFA26DB97BD /* Pods-Flix-FlixUITests.debug.xcconfig */ = {isa = PBXFileReference; includeInIndex = 1; lastKnownFileType = text.xcconfig; name = "Pods-Flix-FlixUITests.debug.xcconfig"; path = "Target Support Files/Pods-Flix-FlixUITests/Pods-Flix-FlixUITests.debug.xcconfig"; sourceTree = "<group>"; };
		9E853B9AB3AFD2A216551444 /* Pods_Flix.framework */ = {isa = PBXFileReference; explicitFileType = wrapper.framework; includeInIndex = 0; path = Pods_Flix.framework; sourceTree = BUILT_PRODUCTS_DIR; };
		AC0C151727B3434000122DED /* MoviesDetailsViewController.swift */ = {isa = PBXFileReference; lastKnownFileType = sourcecode.swift; path = MoviesDetailsViewController.swift; sourceTree = "<group>"; };
		AC0C151927B452A800122DED /* MovieGridViewController.swift */ = {isa = PBXFileReference; lastKnownFileType = sourcecode.swift; path = MovieGridViewController.swift; sourceTree = "<group>"; };
		AC0C151B27B46BA300122DED /* MovieGridCell.swift */ = {isa = PBXFileReference; lastKnownFileType = sourcecode.swift; path = MovieGridCell.swift; sourceTree = "<group>"; };
		AC627BE927AAFE930038072A /* Flix.app */ = {isa = PBXFileReference; explicitFileType = wrapper.application; includeInIndex = 0; path = Flix.app; sourceTree = BUILT_PRODUCTS_DIR; };
		AC627BEC27AAFE930038072A /* AppDelegate.swift */ = {isa = PBXFileReference; lastKnownFileType = sourcecode.swift; path = AppDelegate.swift; sourceTree = "<group>"; };
		AC627BEE27AAFE930038072A /* SceneDelegate.swift */ = {isa = PBXFileReference; lastKnownFileType = sourcecode.swift; path = SceneDelegate.swift; sourceTree = "<group>"; };
		AC627BF027AAFE930038072A /* ViewController.swift */ = {isa = PBXFileReference; lastKnownFileType = sourcecode.swift; path = ViewController.swift; sourceTree = "<group>"; };
		AC627BF327AAFE930038072A /* Base */ = {isa = PBXFileReference; lastKnownFileType = file.storyboard; name = Base; path = Base.lproj/Main.storyboard; sourceTree = "<group>"; };
		AC627BF527AAFE940038072A /* Assets.xcassets */ = {isa = PBXFileReference; lastKnownFileType = folder.assetcatalog; path = Assets.xcassets; sourceTree = "<group>"; };
		AC627BF827AAFE940038072A /* Base */ = {isa = PBXFileReference; lastKnownFileType = file.storyboard; name = Base; path = Base.lproj/LaunchScreen.storyboard; sourceTree = "<group>"; };
		AC627BFA27AAFE940038072A /* Info.plist */ = {isa = PBXFileReference; lastKnownFileType = text.plist.xml; path = Info.plist; sourceTree = "<group>"; };
		AC627BFF27AAFE940038072A /* FlixTests.xctest */ = {isa = PBXFileReference; explicitFileType = wrapper.cfbundle; includeInIndex = 0; path = FlixTests.xctest; sourceTree = BUILT_PRODUCTS_DIR; };
		AC627C0327AAFE940038072A /* FlixTests.swift */ = {isa = PBXFileReference; lastKnownFileType = sourcecode.swift; path = FlixTests.swift; sourceTree = "<group>"; };
		AC627C0927AAFE940038072A /* FlixUITests.xctest */ = {isa = PBXFileReference; explicitFileType = wrapper.cfbundle; includeInIndex = 0; path = FlixUITests.xctest; sourceTree = BUILT_PRODUCTS_DIR; };
		AC627C0D27AAFE940038072A /* FlixUITests.swift */ = {isa = PBXFileReference; lastKnownFileType = sourcecode.swift; path = FlixUITests.swift; sourceTree = "<group>"; };
		AC627C0F27AAFE940038072A /* FlixUITestsLaunchTests.swift */ = {isa = PBXFileReference; lastKnownFileType = sourcecode.swift; path = FlixUITestsLaunchTests.swift; sourceTree = "<group>"; };
		AC627C2427AB8E9D0038072A /* MoviesViewController.swift */ = {isa = PBXFileReference; lastKnownFileType = sourcecode.swift; path = MoviesViewController.swift; sourceTree = "<group>"; };
		ACBAEDDF27AC9B2300A390AC /* MovieCell.swift */ = {isa = PBXFileReference; lastKnownFileType = sourcecode.swift; path = MovieCell.swift; sourceTree = "<group>"; };
		F96E1707CA561AE6C0E81071 /* Pods-Flix-FlixUITests.release.xcconfig */ = {isa = PBXFileReference; includeInIndex = 1; lastKnownFileType = text.xcconfig; name = "Pods-Flix-FlixUITests.release.xcconfig"; path = "Target Support Files/Pods-Flix-FlixUITests/Pods-Flix-FlixUITests.release.xcconfig"; sourceTree = "<group>"; };
/* End PBXFileReference section */

/* Begin PBXFrameworksBuildPhase section */
		AC627BE627AAFE930038072A /* Frameworks */ = {
			isa = PBXFrameworksBuildPhase;
			buildActionMask = 2147483647;
			files = (
				ACBAEDE327ACAF3100A390AC /* AlamofireImage in Frameworks */,
				5574DF1AA1418EA94001E2A3 /* Pods_Flix.framework in Frameworks */,
			);
			runOnlyForDeploymentPostprocessing = 0;
		};
		AC627BFC27AAFE940038072A /* Frameworks */ = {
			isa = PBXFrameworksBuildPhase;
			buildActionMask = 2147483647;
			files = (
				AD5E46846818B12AA46E2937 /* Pods_FlixTests.framework in Frameworks */,
			);
			runOnlyForDeploymentPostprocessing = 0;
		};
		AC627C0627AAFE940038072A /* Frameworks */ = {
			isa = PBXFrameworksBuildPhase;
			buildActionMask = 2147483647;
			files = (
				7CA32DEC2E733B514CFF94D1 /* Pods_Flix_FlixUITests.framework in Frameworks */,
			);
			runOnlyForDeploymentPostprocessing = 0;
		};
/* End PBXFrameworksBuildPhase section */

/* Begin PBXGroup section */
		8B03C46CC01AFD4DFAB3E933 /* Pods */ = {
			isa = PBXGroup;
			children = (
				392B86BFCC50C4311AE2DD49 /* Pods-Flix.debug.xcconfig */,
				70D6EFE77B5965D9FE624745 /* Pods-Flix.release.xcconfig */,
				8B7B0231B9514FFA26DB97BD /* Pods-Flix-FlixUITests.debug.xcconfig */,
				F96E1707CA561AE6C0E81071 /* Pods-Flix-FlixUITests.release.xcconfig */,
				1F0A9032198BB5C06B2FDAD4 /* Pods-FlixTests.debug.xcconfig */,
				0AA8B51A41FA7B5133BB5B4C /* Pods-FlixTests.release.xcconfig */,
			);
			path = Pods;
			sourceTree = "<group>";
		};
		9D52A51AD71F9C2ED286D42D /* Frameworks */ = {
			isa = PBXGroup;
			children = (
				9E853B9AB3AFD2A216551444 /* Pods_Flix.framework */,
				55CA79C0FACBB4234E2D0A0A /* Pods_Flix_FlixUITests.framework */,
				0ABFCA67EFBB40F6E280FE0E /* Pods_FlixTests.framework */,
			);
			name = Frameworks;
			sourceTree = "<group>";
		};
		AC627BE027AAFE930038072A = {
			isa = PBXGroup;
			children = (
				AC627BEB27AAFE930038072A /* Flix */,
				AC627C0227AAFE940038072A /* FlixTests */,
				AC627C0C27AAFE940038072A /* FlixUITests */,
				AC627BEA27AAFE930038072A /* Products */,
				8B03C46CC01AFD4DFAB3E933 /* Pods */,
				9D52A51AD71F9C2ED286D42D /* Frameworks */,
			);
			sourceTree = "<group>";
		};
		AC627BEA27AAFE930038072A /* Products */ = {
			isa = PBXGroup;
			children = (
				AC627BE927AAFE930038072A /* Flix.app */,
				AC627BFF27AAFE940038072A /* FlixTests.xctest */,
				AC627C0927AAFE940038072A /* FlixUITests.xctest */,
			);
			name = Products;
			sourceTree = "<group>";
		};
		AC627BEB27AAFE930038072A /* Flix */ = {
			isa = PBXGroup;
			children = (
				AC627BEC27AAFE930038072A /* AppDelegate.swift */,
				AC627BEE27AAFE930038072A /* SceneDelegate.swift */,
				AC627BF027AAFE930038072A /* ViewController.swift */,
				AC627BF227AAFE930038072A /* Main.storyboard */,
				AC0C151727B3434000122DED /* MoviesDetailsViewController.swift */,
				ACBAEDDF27AC9B2300A390AC /* MovieCell.swift */,
				AC627BF527AAFE940038072A /* Assets.xcassets */,
				AC627BF727AAFE940038072A /* LaunchScreen.storyboard */,
				AC627BFA27AAFE940038072A /* Info.plist */,
				AC627C2427AB8E9D0038072A /* MoviesViewController.swift */,
				AC0C151927B452A800122DED /* MovieGridViewController.swift */,
				AC0C151B27B46BA300122DED /* MovieGridCell.swift */,
			);
			path = Flix;
			sourceTree = "<group>";
		};
		AC627C0227AAFE940038072A /* FlixTests */ = {
			isa = PBXGroup;
			children = (
				AC627C0327AAFE940038072A /* FlixTests.swift */,
			);
			path = FlixTests;
			sourceTree = "<group>";
		};
		AC627C0C27AAFE940038072A /* FlixUITests */ = {
			isa = PBXGroup;
			children = (
				AC627C0D27AAFE940038072A /* FlixUITests.swift */,
				AC627C0F27AAFE940038072A /* FlixUITestsLaunchTests.swift */,
			);
			path = FlixUITests;
			sourceTree = "<group>";
		};
/* End PBXGroup section */

/* Begin PBXNativeTarget section */
		AC627BE827AAFE930038072A /* Flix */ = {
			isa = PBXNativeTarget;
			buildConfigurationList = AC627C1327AAFE940038072A /* Build configuration list for PBXNativeTarget "Flix" */;
			buildPhases = (
				4EE2EBB62FF5B4AD458C33FE /* [CP] Check Pods Manifest.lock */,
				AC627BE527AAFE930038072A /* Sources */,
				AC627BE627AAFE930038072A /* Frameworks */,
				AC627BE727AAFE930038072A /* Resources */,
				52955F154E807C1B0868E80B /* [CP] Embed Pods Frameworks */,
			);
			buildRules = (
			);
			dependencies = (
			);
			name = Flix;
			packageProductDependencies = (
				ACBAEDE227ACAF3100A390AC /* AlamofireImage */,
			);
			productName = Flix;
			productReference = AC627BE927AAFE930038072A /* Flix.app */;
			productType = "com.apple.product-type.application";
		};
		AC627BFE27AAFE940038072A /* FlixTests */ = {
			isa = PBXNativeTarget;
			buildConfigurationList = AC627C1627AAFE940038072A /* Build configuration list for PBXNativeTarget "FlixTests" */;
			buildPhases = (
				54EF83731730D4E63A220DD2 /* [CP] Check Pods Manifest.lock */,
				AC627BFB27AAFE940038072A /* Sources */,
				AC627BFC27AAFE940038072A /* Frameworks */,
				AC627BFD27AAFE940038072A /* Resources */,
			);
			buildRules = (
			);
			dependencies = (
				AC627C0127AAFE940038072A /* PBXTargetDependency */,
			);
			name = FlixTests;
			productName = FlixTests;
			productReference = AC627BFF27AAFE940038072A /* FlixTests.xctest */;
			productType = "com.apple.product-type.bundle.unit-test";
		};
		AC627C0827AAFE940038072A /* FlixUITests */ = {
			isa = PBXNativeTarget;
			buildConfigurationList = AC627C1927AAFE940038072A /* Build configuration list for PBXNativeTarget "FlixUITests" */;
			buildPhases = (
				544368BA7AEB815E587483A9 /* [CP] Check Pods Manifest.lock */,
				AC627C0527AAFE940038072A /* Sources */,
				AC627C0627AAFE940038072A /* Frameworks */,
				AC627C0727AAFE940038072A /* Resources */,
				629D589C89A09610D5E6D304 /* [CP] Embed Pods Frameworks */,
			);
			buildRules = (
			);
			dependencies = (
				AC627C0B27AAFE940038072A /* PBXTargetDependency */,
			);
			name = FlixUITests;
			productName = FlixUITests;
			productReference = AC627C0927AAFE940038072A /* FlixUITests.xctest */;
			productType = "com.apple.product-type.bundle.ui-testing";
		};
/* End PBXNativeTarget section */

/* Begin PBXProject section */
		AC627BE127AAFE930038072A /* Project object */ = {
			isa = PBXProject;
			attributes = {
				BuildIndependentTargetsInParallel = 1;
				LastSwiftUpdateCheck = 1320;
				LastUpgradeCheck = 1320;
				TargetAttributes = {
					AC627BE827AAFE930038072A = {
						CreatedOnToolsVersion = 13.2.1;
					};
					AC627BFE27AAFE940038072A = {
						CreatedOnToolsVersion = 13.2.1;
						TestTargetID = AC627BE827AAFE930038072A;
					};
					AC627C0827AAFE940038072A = {
						CreatedOnToolsVersion = 13.2.1;
						TestTargetID = AC627BE827AAFE930038072A;
					};
				};
			};
			buildConfigurationList = AC627BE427AAFE930038072A /* Build configuration list for PBXProject "Flix" */;
			compatibilityVersion = "Xcode 13.0";
			developmentRegion = en;
			hasScannedForEncodings = 0;
			knownRegions = (
				en,
				Base,
			);
			mainGroup = AC627BE027AAFE930038072A;
			packageReferences = (
				ACBAEDE127ACAF3100A390AC /* XCRemoteSwiftPackageReference "AlamofireImage" */,
			);
			productRefGroup = AC627BEA27AAFE930038072A /* Products */;
			projectDirPath = "";
			projectRoot = "";
			targets = (
				AC627BE827AAFE930038072A /* Flix */,
				AC627BFE27AAFE940038072A /* FlixTests */,
				AC627C0827AAFE940038072A /* FlixUITests */,
			);
		};
/* End PBXProject section */

/* Begin PBXResourcesBuildPhase section */
		AC627BE727AAFE930038072A /* Resources */ = {
			isa = PBXResourcesBuildPhase;
			buildActionMask = 2147483647;
			files = (
				AC627BF927AAFE940038072A /* LaunchScreen.storyboard in Resources */,
				AC627BF627AAFE940038072A /* Assets.xcassets in Resources */,
				AC627BF427AAFE930038072A /* Main.storyboard in Resources */,
			);
			runOnlyForDeploymentPostprocessing = 0;
		};
		AC627BFD27AAFE940038072A /* Resources */ = {
			isa = PBXResourcesBuildPhase;
			buildActionMask = 2147483647;
			files = (
			);
			runOnlyForDeploymentPostprocessing = 0;
		};
		AC627C0727AAFE940038072A /* Resources */ = {
			isa = PBXResourcesBuildPhase;
			buildActionMask = 2147483647;
			files = (
			);
			runOnlyForDeploymentPostprocessing = 0;
		};
/* End PBXResourcesBuildPhase section */

/* Begin PBXShellScriptBuildPhase section */
		4EE2EBB62FF5B4AD458C33FE /* [CP] Check Pods Manifest.lock */ = {
			isa = PBXShellScriptBuildPhase;
			buildActionMask = 2147483647;
			files = (
			);
			inputFileListPaths = (
			);
			inputPaths = (
				"${PODS_PODFILE_DIR_PATH}/Podfile.lock",
				"${PODS_ROOT}/Manifest.lock",
			);
			name = "[CP] Check Pods Manifest.lock";
			outputFileListPaths = (
			);
			outputPaths = (
				"$(DERIVED_FILE_DIR)/Pods-Flix-checkManifestLockResult.txt",
			);
			runOnlyForDeploymentPostprocessing = 0;
			shellPath = /bin/sh;
			shellScript = "diff \"${PODS_PODFILE_DIR_PATH}/Podfile.lock\" \"${PODS_ROOT}/Manifest.lock\" > /dev/null\nif [ $? != 0 ] ; then\n    # print error to STDERR\n    echo \"error: The sandbox is not in sync with the Podfile.lock. Run 'pod install' or update your CocoaPods installation.\" >&2\n    exit 1\nfi\n# This output is used by Xcode 'outputs' to avoid re-running this script phase.\necho \"SUCCESS\" > \"${SCRIPT_OUTPUT_FILE_0}\"\n";
			showEnvVarsInLog = 0;
		};
		52955F154E807C1B0868E80B /* [CP] Embed Pods Frameworks */ = {
			isa = PBXShellScriptBuildPhase;
			buildActionMask = 2147483647;
			files = (
			);
			inputFileListPaths = (
				"${PODS_ROOT}/Target Support Files/Pods-Flix/Pods-Flix-frameworks-${CONFIGURATION}-input-files.xcfilelist",
			);
			name = "[CP] Embed Pods Frameworks";
			outputFileListPaths = (
				"${PODS_ROOT}/Target Support Files/Pods-Flix/Pods-Flix-frameworks-${CONFIGURATION}-output-files.xcfilelist",
			);
			runOnlyForDeploymentPostprocessing = 0;
			shellPath = /bin/sh;
			shellScript = "\"${PODS_ROOT}/Target Support Files/Pods-Flix/Pods-Flix-frameworks.sh\"\n";
			showEnvVarsInLog = 0;
		};
		544368BA7AEB815E587483A9 /* [CP] Check Pods Manifest.lock */ = {
			isa = PBXShellScriptBuildPhase;
			buildActionMask = 2147483647;
			files = (
			);
			inputFileListPaths = (
			);
			inputPaths = (
				"${PODS_PODFILE_DIR_PATH}/Podfile.lock",
				"${PODS_ROOT}/Manifest.lock",
			);
			name = "[CP] Check Pods Manifest.lock";
			outputFileListPaths = (
			);
			outputPaths = (
				"$(DERIVED_FILE_DIR)/Pods-Flix-FlixUITests-checkManifestLockResult.txt",
			);
			runOnlyForDeploymentPostprocessing = 0;
			shellPath = /bin/sh;
			shellScript = "diff \"${PODS_PODFILE_DIR_PATH}/Podfile.lock\" \"${PODS_ROOT}/Manifest.lock\" > /dev/null\nif [ $? != 0 ] ; then\n    # print error to STDERR\n    echo \"error: The sandbox is not in sync with the Podfile.lock. Run 'pod install' or update your CocoaPods installation.\" >&2\n    exit 1\nfi\n# This output is used by Xcode 'outputs' to avoid re-running this script phase.\necho \"SUCCESS\" > \"${SCRIPT_OUTPUT_FILE_0}\"\n";
			showEnvVarsInLog = 0;
		};
		54EF83731730D4E63A220DD2 /* [CP] Check Pods Manifest.lock */ = {
			isa = PBXShellScriptBuildPhase;
			buildActionMask = 2147483647;
			files = (
			);
			inputFileListPaths = (
			);
			inputPaths = (
				"${PODS_PODFILE_DIR_PATH}/Podfile.lock",
				"${PODS_ROOT}/Manifest.lock",
			);
			name = "[CP] Check Pods Manifest.lock";
			outputFileListPaths = (
			);
			outputPaths = (
				"$(DERIVED_FILE_DIR)/Pods-FlixTests-checkManifestLockResult.txt",
			);
			runOnlyForDeploymentPostprocessing = 0;
			shellPath = /bin/sh;
			shellScript = "diff \"${PODS_PODFILE_DIR_PATH}/Podfile.lock\" \"${PODS_ROOT}/Manifest.lock\" > /dev/null\nif [ $? != 0 ] ; then\n    # print error to STDERR\n    echo \"error: The sandbox is not in sync with the Podfile.lock. Run 'pod install' or update your CocoaPods installation.\" >&2\n    exit 1\nfi\n# This output is used by Xcode 'outputs' to avoid re-running this script phase.\necho \"SUCCESS\" > \"${SCRIPT_OUTPUT_FILE_0}\"\n";
			showEnvVarsInLog = 0;
		};
		629D589C89A09610D5E6D304 /* [CP] Embed Pods Frameworks */ = {
			isa = PBXShellScriptBuildPhase;
			buildActionMask = 2147483647;
			files = (
			);
			inputFileListPaths = (
				"${PODS_ROOT}/Target Support Files/Pods-Flix-FlixUITests/Pods-Flix-FlixUITests-frameworks-${CONFIGURATION}-input-files.xcfilelist",
			);
			name = "[CP] Embed Pods Frameworks";
			outputFileListPaths = (
				"${PODS_ROOT}/Target Support Files/Pods-Flix-FlixUITests/Pods-Flix-FlixUITests-frameworks-${CONFIGURATION}-output-files.xcfilelist",
			);
			runOnlyForDeploymentPostprocessing = 0;
			shellPath = /bin/sh;
			shellScript = "\"${PODS_ROOT}/Target Support Files/Pods-Flix-FlixUITests/Pods-Flix-FlixUITests-frameworks.sh\"\n";
			showEnvVarsInLog = 0;
		};
/* End PBXShellScriptBuildPhase section */

/* Begin PBXSourcesBuildPhase section */
		AC627BE527AAFE930038072A /* Sources */ = {
			isa = PBXSourcesBuildPhase;
			buildActionMask = 2147483647;
			files = (
				AC627BF127AAFE930038072A /* ViewController.swift in Sources */,
				AC627BED27AAFE930038072A /* AppDelegate.swift in Sources */,
				AC627BEF27AAFE930038072A /* SceneDelegate.swift in Sources */,
				AC0C151A27B452A800122DED /* MovieGridViewController.swift in Sources */,
				AC0C151C27B46BA300122DED /* MovieGridCell.swift in Sources */,
				ACBAEDE027AC9B2300A390AC /* MovieCell.swift in Sources */,
				AC0C151827B3434000122DED /* MoviesDetailsViewController.swift in Sources */,
				AC627C2527AB8E9D0038072A /* MoviesViewController.swift in Sources */,
			);
			runOnlyForDeploymentPostprocessing = 0;
		};
		AC627BFB27AAFE940038072A /* Sources */ = {
			isa = PBXSourcesBuildPhase;
			buildActionMask = 2147483647;
			files = (
				AC627C0427AAFE940038072A /* FlixTests.swift in Sources */,
			);
			runOnlyForDeploymentPostprocessing = 0;
		};
		AC627C0527AAFE940038072A /* Sources */ = {
			isa = PBXSourcesBuildPhase;
			buildActionMask = 2147483647;
			files = (
				AC627C0E27AAFE940038072A /* FlixUITests.swift in Sources */,
				AC627C1027AAFE940038072A /* FlixUITestsLaunchTests.swift in Sources */,
			);
			runOnlyForDeploymentPostprocessing = 0;
		};
/* End PBXSourcesBuildPhase section */

/* Begin PBXTargetDependency section */
		AC627C0127AAFE940038072A /* PBXTargetDependency */ = {
			isa = PBXTargetDependency;
			target = AC627BE827AAFE930038072A /* Flix */;
			targetProxy = AC627C0027AAFE940038072A /* PBXContainerItemProxy */;
		};
		AC627C0B27AAFE940038072A /* PBXTargetDependency */ = {
			isa = PBXTargetDependency;
			target = AC627BE827AAFE930038072A /* Flix */;
			targetProxy = AC627C0A27AAFE940038072A /* PBXContainerItemProxy */;
		};
/* End PBXTargetDependency section */

/* Begin PBXVariantGroup section */
		AC627BF227AAFE930038072A /* Main.storyboard */ = {
			isa = PBXVariantGroup;
			children = (
				AC627BF327AAFE930038072A /* Base */,
			);
			name = Main.storyboard;
			sourceTree = "<group>";
		};
		AC627BF727AAFE940038072A /* LaunchScreen.storyboard */ = {
			isa = PBXVariantGroup;
			children = (
				AC627BF827AAFE940038072A /* Base */,
			);
			name = LaunchScreen.storyboard;
			sourceTree = "<group>";
		};
/* End PBXVariantGroup section */

/* Begin XCBuildConfiguration section */
		AC627C1127AAFE940038072A /* Debug */ = {
			isa = XCBuildConfiguration;
			buildSettings = {
				ALWAYS_SEARCH_USER_PATHS = NO;
				CLANG_ANALYZER_NONNULL = YES;
				CLANG_ANALYZER_NUMBER_OBJECT_CONVERSION = YES_AGGRESSIVE;
				CLANG_CXX_LANGUAGE_STANDARD = "gnu++17";
				CLANG_CXX_LIBRARY = "libc++";
				CLANG_ENABLE_MODULES = YES;
				CLANG_ENABLE_OBJC_ARC = YES;
				CLANG_ENABLE_OBJC_WEAK = YES;
				CLANG_WARN_BLOCK_CAPTURE_AUTORELEASING = YES;
				CLANG_WARN_BOOL_CONVERSION = YES;
				CLANG_WARN_COMMA = YES;
				CLANG_WARN_CONSTANT_CONVERSION = YES;
				CLANG_WARN_DEPRECATED_OBJC_IMPLEMENTATIONS = YES;
				CLANG_WARN_DIRECT_OBJC_ISA_USAGE = YES_ERROR;
				CLANG_WARN_DOCUMENTATION_COMMENTS = YES;
				CLANG_WARN_EMPTY_BODY = YES;
				CLANG_WARN_ENUM_CONVERSION = YES;
				CLANG_WARN_INFINITE_RECURSION = YES;
				CLANG_WARN_INT_CONVERSION = YES;
				CLANG_WARN_NON_LITERAL_NULL_CONVERSION = YES;
				CLANG_WARN_OBJC_IMPLICIT_RETAIN_SELF = YES;
				CLANG_WARN_OBJC_LITERAL_CONVERSION = YES;
				CLANG_WARN_OBJC_ROOT_CLASS = YES_ERROR;
				CLANG_WARN_QUOTED_INCLUDE_IN_FRAMEWORK_HEADER = YES;
				CLANG_WARN_RANGE_LOOP_ANALYSIS = YES;
				CLANG_WARN_STRICT_PROTOTYPES = YES;
				CLANG_WARN_SUSPICIOUS_MOVE = YES;
				CLANG_WARN_UNGUARDED_AVAILABILITY = YES_AGGRESSIVE;
				CLANG_WARN_UNREACHABLE_CODE = YES;
				CLANG_WARN__DUPLICATE_METHOD_MATCH = YES;
				COPY_PHASE_STRIP = NO;
				DEBUG_INFORMATION_FORMAT = dwarf;
				ENABLE_STRICT_OBJC_MSGSEND = YES;
				ENABLE_TESTABILITY = YES;
				GCC_C_LANGUAGE_STANDARD = gnu11;
				GCC_DYNAMIC_NO_PIC = NO;
				GCC_NO_COMMON_BLOCKS = YES;
				GCC_OPTIMIZATION_LEVEL = 0;
				GCC_PREPROCESSOR_DEFINITIONS = (
					"DEBUG=1",
					"$(inherited)",
				);
				GCC_WARN_64_TO_32_BIT_CONVERSION = YES;
				GCC_WARN_ABOUT_RETURN_TYPE = YES_ERROR;
				GCC_WARN_UNDECLARED_SELECTOR = YES;
				GCC_WARN_UNINITIALIZED_AUTOS = YES_AGGRESSIVE;
				GCC_WARN_UNUSED_FUNCTION = YES;
				GCC_WARN_UNUSED_VARIABLE = YES;
				IPHONEOS_DEPLOYMENT_TARGET = 15.2;
				MTL_ENABLE_DEBUG_INFO = INCLUDE_SOURCE;
				MTL_FAST_MATH = YES;
				ONLY_ACTIVE_ARCH = YES;
				SDKROOT = iphoneos;
				SWIFT_ACTIVE_COMPILATION_CONDITIONS = DEBUG;
				SWIFT_OPTIMIZATION_LEVEL = "-Onone";
			};
			name = Debug;
		};
		AC627C1227AAFE940038072A /* Release */ = {
			isa = XCBuildConfiguration;
			buildSettings = {
				ALWAYS_SEARCH_USER_PATHS = NO;
				CLANG_ANALYZER_NONNULL = YES;
				CLANG_ANALYZER_NUMBER_OBJECT_CONVERSION = YES_AGGRESSIVE;
				CLANG_CXX_LANGUAGE_STANDARD = "gnu++17";
				CLANG_CXX_LIBRARY = "libc++";
				CLANG_ENABLE_MODULES = YES;
				CLANG_ENABLE_OBJC_ARC = YES;
				CLANG_ENABLE_OBJC_WEAK = YES;
				CLANG_WARN_BLOCK_CAPTURE_AUTORELEASING = YES;
				CLANG_WARN_BOOL_CONVERSION = YES;
				CLANG_WARN_COMMA = YES;
				CLANG_WARN_CONSTANT_CONVERSION = YES;
				CLANG_WARN_DEPRECATED_OBJC_IMPLEMENTATIONS = YES;
				CLANG_WARN_DIRECT_OBJC_ISA_USAGE = YES_ERROR;
				CLANG_WARN_DOCUMENTATION_COMMENTS = YES;
				CLANG_WARN_EMPTY_BODY = YES;
				CLANG_WARN_ENUM_CONVERSION = YES;
				CLANG_WARN_INFINITE_RECURSION = YES;
				CLANG_WARN_INT_CONVERSION = YES;
				CLANG_WARN_NON_LITERAL_NULL_CONVERSION = YES;
				CLANG_WARN_OBJC_IMPLICIT_RETAIN_SELF = YES;
				CLANG_WARN_OBJC_LITERAL_CONVERSION = YES;
				CLANG_WARN_OBJC_ROOT_CLASS = YES_ERROR;
				CLANG_WARN_QUOTED_INCLUDE_IN_FRAMEWORK_HEADER = YES;
				CLANG_WARN_RANGE_LOOP_ANALYSIS = YES;
				CLANG_WARN_STRICT_PROTOTYPES = YES;
				CLANG_WARN_SUSPICIOUS_MOVE = YES;
				CLANG_WARN_UNGUARDED_AVAILABILITY = YES_AGGRESSIVE;
				CLANG_WARN_UNREACHABLE_CODE = YES;
				CLANG_WARN__DUPLICATE_METHOD_MATCH = YES;
				COPY_PHASE_STRIP = NO;
				DEBUG_INFORMATION_FORMAT = "dwarf-with-dsym";
				ENABLE_NS_ASSERTIONS = NO;
				ENABLE_STRICT_OBJC_MSGSEND = YES;
				GCC_C_LANGUAGE_STANDARD = gnu11;
				GCC_NO_COMMON_BLOCKS = YES;
				GCC_WARN_64_TO_32_BIT_CONVERSION = YES;
				GCC_WARN_ABOUT_RETURN_TYPE = YES_ERROR;
				GCC_WARN_UNDECLARED_SELECTOR = YES;
				GCC_WARN_UNINITIALIZED_AUTOS = YES_AGGRESSIVE;
				GCC_WARN_UNUSED_FUNCTION = YES;
				GCC_WARN_UNUSED_VARIABLE = YES;
				IPHONEOS_DEPLOYMENT_TARGET = 15.2;
				MTL_ENABLE_DEBUG_INFO = NO;
				MTL_FAST_MATH = YES;
				SDKROOT = iphoneos;
				SWIFT_COMPILATION_MODE = wholemodule;
				SWIFT_OPTIMIZATION_LEVEL = "-O";
				VALIDATE_PRODUCT = YES;
			};
			name = Release;
		};
		AC627C1427AAFE940038072A /* Debug */ = {
			isa = XCBuildConfiguration;
			baseConfigurationReference = 392B86BFCC50C4311AE2DD49 /* Pods-Flix.debug.xcconfig */;
			buildSettings = {
				ASSETCATALOG_COMPILER_APPICON_NAME = AppIcon;
				ASSETCATALOG_COMPILER_GLOBAL_ACCENT_COLOR_NAME = AccentColor;
				CODE_SIGN_STYLE = Automatic;
				CURRENT_PROJECT_VERSION = 1;
				DEVELOPMENT_TEAM = UNG3WSXCJS;
				GENERATE_INFOPLIST_FILE = YES;
				INFOPLIST_FILE = Flix/Info.plist;
				INFOPLIST_KEY_UIApplicationSupportsIndirectInputEvents = YES;
				INFOPLIST_KEY_UILaunchStoryboardName = LaunchScreen;
				INFOPLIST_KEY_UIMainStoryboardFile = Main;
				INFOPLIST_KEY_UISupportedInterfaceOrientations_iPad = "UIInterfaceOrientationPortrait UIInterfaceOrientationPortraitUpsideDown UIInterfaceOrientationLandscapeLeft UIInterfaceOrientationLandscapeRight";
				INFOPLIST_KEY_UISupportedInterfaceOrientations_iPhone = "UIInterfaceOrientationPortrait UIInterfaceOrientationLandscapeLeft UIInterfaceOrientationLandscapeRight";
				LD_RUNPATH_SEARCH_PATHS = (
					"$(inherited)",
					"@executable_path/Frameworks",
				);
				MARKETING_VERSION = 1.0;
				PRODUCT_BUNDLE_IDENTIFIER = com.elariastacia.Flix;
				PRODUCT_NAME = "$(TARGET_NAME)";
				SWIFT_EMIT_LOC_STRINGS = YES;
				SWIFT_VERSION = 5.0;
				TARGETED_DEVICE_FAMILY = "1,2";
			};
			name = Debug;
		};
		AC627C1527AAFE940038072A /* Release */ = {
			isa = XCBuildConfiguration;
			baseConfigurationReference = 70D6EFE77B5965D9FE624745 /* Pods-Flix.release.xcconfig */;
			buildSettings = {
				ASSETCATALOG_COMPILER_APPICON_NAME = AppIcon;
				ASSETCATALOG_COMPILER_GLOBAL_ACCENT_COLOR_NAME = AccentColor;
				CODE_SIGN_STYLE = Automatic;
				CURRENT_PROJECT_VERSION = 1;
				DEVELOPMENT_TEAM = UNG3WSXCJS;
				GENERATE_INFOPLIST_FILE = YES;
				INFOPLIST_FILE = Flix/Info.plist;
				INFOPLIST_KEY_UIApplicationSupportsIndirectInputEvents = YES;
				INFOPLIST_KEY_UILaunchStoryboardName = LaunchScreen;
				INFOPLIST_KEY_UIMainStoryboardFile = Main;
				INFOPLIST_KEY_UISupportedInterfaceOrientations_iPad = "UIInterfaceOrientationPortrait UIInterfaceOrientationPortraitUpsideDown UIInterfaceOrientationLandscapeLeft UIInterfaceOrientationLandscapeRight";
				INFOPLIST_KEY_UISupportedInterfaceOrientations_iPhone = "UIInterfaceOrientationPortrait UIInterfaceOrientationLandscapeLeft UIInterfaceOrientationLandscapeRight";
				LD_RUNPATH_SEARCH_PATHS = (
					"$(inherited)",
					"@executable_path/Frameworks",
				);
				MARKETING_VERSION = 1.0;
				PRODUCT_BUNDLE_IDENTIFIER = com.elariastacia.Flix;
				PRODUCT_NAME = "$(TARGET_NAME)";
				SWIFT_EMIT_LOC_STRINGS = YES;
				SWIFT_VERSION = 5.0;
				TARGETED_DEVICE_FAMILY = "1,2";
			};
			name = Release;
		};
		AC627C1727AAFE940038072A /* Debug */ = {
			isa = XCBuildConfiguration;
			baseConfigurationReference = 1F0A9032198BB5C06B2FDAD4 /* Pods-FlixTests.debug.xcconfig */;
			buildSettings = {
				ALWAYS_EMBED_SWIFT_STANDARD_LIBRARIES = YES;
				BUNDLE_LOADER = "$(TEST_HOST)";
				CODE_SIGN_STYLE = Automatic;
				CURRENT_PROJECT_VERSION = 1;
				GENERATE_INFOPLIST_FILE = YES;
				IPHONEOS_DEPLOYMENT_TARGET = 15.2;
				MARKETING_VERSION = 1.0;
				PRODUCT_BUNDLE_IDENTIFIER = com.elariastacia.FlixTests;
				PRODUCT_NAME = "$(TARGET_NAME)";
				SWIFT_EMIT_LOC_STRINGS = NO;
				SWIFT_VERSION = 5.0;
				TARGETED_DEVICE_FAMILY = "1,2";
				TEST_HOST = "$(BUILT_PRODUCTS_DIR)/Flix.app/Flix";
			};
			name = Debug;
		};
		AC627C1827AAFE940038072A /* Release */ = {
			isa = XCBuildConfiguration;
			baseConfigurationReference = 0AA8B51A41FA7B5133BB5B4C /* Pods-FlixTests.release.xcconfig */;
			buildSettings = {
				ALWAYS_EMBED_SWIFT_STANDARD_LIBRARIES = YES;
				BUNDLE_LOADER = "$(TEST_HOST)";
				CODE_SIGN_STYLE = Automatic;
				CURRENT_PROJECT_VERSION = 1;
				GENERATE_INFOPLIST_FILE = YES;
				IPHONEOS_DEPLOYMENT_TARGET = 15.2;
				MARKETING_VERSION = 1.0;
				PRODUCT_BUNDLE_IDENTIFIER = com.elariastacia.FlixTests;
				PRODUCT_NAME = "$(TARGET_NAME)";
				SWIFT_EMIT_LOC_STRINGS = NO;
				SWIFT_VERSION = 5.0;
				TARGETED_DEVICE_FAMILY = "1,2";
				TEST_HOST = "$(BUILT_PRODUCTS_DIR)/Flix.app/Flix";
			};
			name = Release;
		};
		AC627C1A27AAFE940038072A /* Debug */ = {
			isa = XCBuildConfiguration;
			baseConfigurationReference = 8B7B0231B9514FFA26DB97BD /* Pods-Flix-FlixUITests.debug.xcconfig */;
			buildSettings = {
				ALWAYS_EMBED_SWIFT_STANDARD_LIBRARIES = YES;
				CODE_SIGN_STYLE = Automatic;
				CURRENT_PROJECT_VERSION = 1;
				GENERATE_INFOPLIST_FILE = YES;
				MARKETING_VERSION = 1.0;
				PRODUCT_BUNDLE_IDENTIFIER = com.elariastacia.FlixUITests;
				PRODUCT_NAME = "$(TARGET_NAME)";
				SWIFT_EMIT_LOC_STRINGS = NO;
				SWIFT_VERSION = 5.0;
				TARGETED_DEVICE_FAMILY = "1,2";
				TEST_TARGET_NAME = Flix;
			};
			name = Debug;
		};
		AC627C1B27AAFE940038072A /* Release */ = {
			isa = XCBuildConfiguration;
			baseConfigurationReference = F96E1707CA561AE6C0E81071 /* Pods-Flix-FlixUITests.release.xcconfig */;
			buildSettings = {
				ALWAYS_EMBED_SWIFT_STANDARD_LIBRARIES = YES;
				CODE_SIGN_STYLE = Automatic;
				CURRENT_PROJECT_VERSION = 1;
				GENERATE_INFOPLIST_FILE = YES;
				MARKETING_VERSION = 1.0;
				PRODUCT_BUNDLE_IDENTIFIER = com.elariastacia.FlixUITests;
				PRODUCT_NAME = "$(TARGET_NAME)";
				SWIFT_EMIT_LOC_STRINGS = NO;
				SWIFT_VERSION = 5.0;
				TARGETED_DEVICE_FAMILY = "1,2";
				TEST_TARGET_NAME = Flix;
			};
			name = Release;
		};
/* End XCBuildConfiguration section */

/* Begin XCConfigurationList section */
		AC627BE427AAFE930038072A /* Build configuration list for PBXProject "Flix" */ = {
			isa = XCConfigurationList;
			buildConfigurations = (
				AC627C1127AAFE940038072A /* Debug */,
				AC627C1227AAFE940038072A /* Release */,
			);
			defaultConfigurationIsVisible = 0;
			defaultConfigurationName = Release;
		};
		AC627C1327AAFE940038072A /* Build configuration list for PBXNativeTarget "Flix" */ = {
			isa = XCConfigurationList;
			buildConfigurations = (
				AC627C1427AAFE940038072A /* Debug */,
				AC627C1527AAFE940038072A /* Release */,
			);
			defaultConfigurationIsVisible = 0;
			defaultConfigurationName = Release;
		};
		AC627C1627AAFE940038072A /* Build configuration list for PBXNativeTarget "FlixTests" */ = {
			isa = XCConfigurationList;
			buildConfigurations = (
				AC627C1727AAFE940038072A /* Debug */,
				AC627C1827AAFE940038072A /* Release */,
			);
			defaultConfigurationIsVisible = 0;
			defaultConfigurationName = Release;
		};
		AC627C1927AAFE940038072A /* Build configuration list for PBXNativeTarget "FlixUITests" */ = {
			isa = XCConfigurationList;
			buildConfigurations = (
				AC627C1A27AAFE940038072A /* Debug */,
				AC627C1B27AAFE940038072A /* Release */,
			);
			defaultConfigurationIsVisible = 0;
			defaultConfigurationName = Release;
		};
/* End XCConfigurationList section */

/* Begin XCRemoteSwiftPackageReference section */
		ACBAEDE127ACAF3100A390AC /* XCRemoteSwiftPackageReference "AlamofireImage" */ = {
			isa = XCRemoteSwiftPackageReference;
			repositoryURL = "https://github.com/Alamofire/AlamofireImage";
			requirement = {
				kind = upToNextMajorVersion;
				minimumVersion = 4.2.0;
			};
		};
/* End XCRemoteSwiftPackageReference section */

/* Begin XCSwiftPackageProductDependency section */
		ACBAEDE227ACAF3100A390AC /* AlamofireImage */ = {
			isa = XCSwiftPackageProductDependency;
			package = ACBAEDE127ACAF3100A390AC /* XCRemoteSwiftPackageReference "AlamofireImage" */;
			productName = AlamofireImage;
		};
/* End XCSwiftPackageProductDependency section */
	};
	rootObject = AC627BE127AAFE930038072A /* Project object */;
}
